
Microsoft Visual Studio Solution File, Format Version 12.00
# Visual Studio Version 16
VisualStudioVersion = 16.0.32002.261
MinimumVisualStudioVersion = 10.0.40219.1
Project("{8BC9CEB8-8B4A-11D0-8D11-00A0C91BC942}") = "Test_1", "Test_1\Test_1.vcxproj", "{515B2746-EA68-4817-B95C-1C16367AAB0A}"
EndProject
Project("{8BC9CEB8-8B4A-11D0-8D11-00A0C91BC942}") = "Test_2", "Test_2\Test_2.vcxproj", "{897917C5-0E82-43EC-ADED-91E789F2F1A7}"
EndProject
Project("{8BC9CEB8-8B4A-11D0-8D11-00A0C91BC942}") = "Test_3", "Test_3\Test_3.vcxproj", "{D73222CB-8E1C-42F1-900B-F6C4EA277BE4}"
EndProject
Project("{8BC9CEB8-8B4A-11D0-8D11-00A0C91BC942}") = "Test_4", "Test_4\Test_4.vcxproj", "{01A96DEA-07E4-4D8B-94CB-CD74666B2F90}"
EndProject
Project("{8BC9CEB8-8B4A-11D0-8D11-00A0C91BC942}") = "Test_5", "Test_5\Test_5.vcxproj", "{F0CDB13D-6D5B-4771-B703-0B01A621A07F}"
EndProject
Project("{8BC9CEB8-8B4A-11D0-8D11-00A0C91BC942}") = "Test_6", "Test_6\Test_6.vcxproj", "{9A857830-DD14-4C16-BDEE-C300011DC02B}"
EndProject
Project("{8BC9CEB8-8B4A-11D0-8D11-00A0C91BC942}") = "Test_7", "Test_7\Test_7.vcxproj", "{F0A792CC-12FA-4903-B9D5-6FE01D11A3D8}"
EndProject
Project("{8BC9CEB8-8B4A-11D0-8D11-00A0C91BC942}") = "Test_8", "Test_8\Test_8.vcxproj", "{2A4624F3-509E-4AF9-BB10-63CCB0FA5A67}"
EndProject
Project("{8BC9CEB8-8B4A-11D0-8D11-00A0C91BC942}") = "Test_9", "Test_9\Test_9.vcxproj", "{DE6451B3-9280-4DB9-909D-5B1C5B53262E}"
EndProject
Global
	GlobalSection(SolutionConfigurationPlatforms) = preSolution
		Debug|x64 = Debug|x64
		Debug|x86 = Debug|x86
		Release|x64 = Release|x64
		Release|x86 = Release|x86
	EndGlobalSection
	GlobalSection(ProjectConfigurationPlatforms) = postSolution
		{515B2746-EA68-4817-B95C-1C16367AAB0A}.Debug|x64.ActiveCfg = Debug|x64
		{515B2746-EA68-4817-B95C-1C16367AAB0A}.Debug|x64.Build.0 = Debug|x64
		{515B2746-EA68-4817-B95C-1C16367AAB0A}.Debug|x86.ActiveCfg = Debug|Win32
		{515B2746-EA68-4817-B95C-1C16367AAB0A}.Debug|x86.Build.0 = Debug|Win32
		{515B2746-EA68-4817-B95C-1C16367AAB0A}.Release|x64.ActiveCfg = Release|x64
		{515B2746-EA68-4817-B95C-1C16367AAB0A}.Release|x64.Build.0 = Release|x64
		{515B2746-EA68-4817-B95C-1C16367AAB0A}.Release|x86.ActiveCfg = Release|Win32
		{515B2746-EA68-4817-B95C-1C16367AAB0A}.Release|x86.Build.0 = Release|Win32
		{897917C5-0E82-43EC-ADED-91E789F2F1A7}.Debug|x64.ActiveCfg = Debug|x64
		{897917C5-0E82-43EC-ADED-91E789F2F1A7}.Debug|x64.Build.0 = Debug|x64
		{897917C5-0E82-43EC-ADED-91E789F2F1A7}.Debug|x86.ActiveCfg = Debug|Win32
		{897917C5-0E82-43EC-ADED-91E789F2F1A7}.Debug|x86.Build.0 = Debug|Win32
		{897917C5-0E82-43EC-ADED-91E789F2F1A7}.Release|x64.ActiveCfg = Release|x64
		{897917C5-0E82-43EC-ADED-91E789F2F1A7}.Release|x64.Build.0 = Release|x64
		{897917C5-0E82-43EC-ADED-91E789F2F1A7}.Release|x86.ActiveCfg = Release|Win32
		{897917C5-0E82-43EC-ADED-91E789F2F1A7}.Release|x86.Build.0 = Release|Win32
		{D73222CB-8E1C-42F1-900B-F6C4EA277BE4}.Debug|x64.ActiveCfg = Debug|x64
		{D73222CB-8E1C-42F1-900B-F6C4EA277BE4}.Debug|x64.Build.0 = Debug|x64
		{D73222CB-8E1C-42F1-900B-F6C4EA277BE4}.Debug|x86.ActiveCfg = Debug|Win32
		{D73222CB-8E1C-42F1-900B-F6C4EA277BE4}.Debug|x86.Build.0 = Debug|Win32
		{D73222CB-8E1C-42F1-900B-F6C4EA277BE4}.Release|x64.ActiveCfg = Release|x64
		{D73222CB-8E1C-42F1-900B-F6C4EA277BE4}.Release|x64.Build.0 = Release|x64
		{D73222CB-8E1C-42F1-900B-F6C4EA277BE4}.Release|x86.ActiveCfg = Release|Win32
		{D73222CB-8E1C-42F1-900B-F6C4EA277BE4}.Release|x86.Build.0 = Release|Win32
		{01A96DEA-07E4-4D8B-94CB-CD74666B2F90}.Debug|x64.ActiveCfg = Debug|x64
		{01A96DEA-07E4-4D8B-94CB-CD74666B2F90}.Debug|x64.Build.0 = Debug|x64
		{01A96DEA-07E4-4D8B-94CB-CD74666B2F90}.Debug|x86.ActiveCfg = Debug|Win32
		{01A96DEA-07E4-4D8B-94CB-CD74666B2F90}.Debug|x86.Build.0 = Debug|Win32
		{01A96DEA-07E4-4D8B-94CB-CD74666B2F90}.Release|x64.ActiveCfg = Release|x64
		{01A96DEA-07E4-4D8B-94CB-CD74666B2F90}.Release|x64.Build.0 = Release|x64
		{01A96DEA-07E4-4D8B-94CB-CD74666B2F90}.Release|x86.ActiveCfg = Release|Win32
		{01A96DEA-07E4-4D8B-94CB-CD74666B2F90}.Release|x86.Build.0 = Release|Win32
		{F0CDB13D-6D5B-4771-B703-0B01A621A07F}.Debug|x64.ActiveCfg = Debug|x64
		{F0CDB13D-6D5B-4771-B703-0B01A621A07F}.Debug|x64.Build.0 = Debug|x64
		{F0CDB13D-6D5B-4771-B703-0B01A621A07F}.Debug|x86.ActiveCfg = Debug|Win32
		{F0CDB13D-6D5B-4771-B703-0B01A621A07F}.Debug|x86.Build.0 = Debug|Win32
		{F0CDB13D-6D5B-4771-B703-0B01A621A07F}.Release|x64.ActiveCfg = Release|x64
		{F0CDB13D-6D5B-4771-B703-0B01A621A07F}.Release|x64.Build.0 = Release|x64
		{F0CDB13D-6D5B-4771-B703-0B01A621A07F}.Release|x86.ActiveCfg = Release|Win32
		{F0CDB13D-6D5B-4771-B703-0B01A621A07F}.Release|x86.Build.0 = Release|Win32
		{9A857830-DD14-4C16-BDEE-C300011DC02B}.Debug|x64.ActiveCfg = Debug|x64
		{9A857830-DD14-4C16-BDEE-C300011DC02B}.Debug|x64.Build.0 = Debug|x64
		{9A857830-DD14-4C16-BDEE-C300011DC02B}.Debug|x86.ActiveCfg = Debug|Win32
		{9A857830-DD14-4C16-BDEE-C300011DC02B}.Debug|x86.Build.0 = Debug|Win32
		{9A857830-DD14-4C16-BDEE-C300011DC02B}.Release|x64.ActiveCfg = Release|x64
		{9A857830-DD14-4C16-BDEE-C300011DC02B}.Release|x64.Build.0 = Release|x64
		{9A857830-DD14-4C16-BDEE-C300011DC02B}.Release|x86.ActiveCfg = Release|Win32
		{9A857830-DD14-4C16-BDEE-C300011DC02B}.Release|x86.Build.0 = Release|Win32
		{F0A792CC-12FA-4903-B9D5-6FE01D11A3D8}.Debug|x64.ActiveCfg = Debug|x64
		{F0A792CC-12FA-4903-B9D5-6FE01D11A3D8}.Debug|x64.Build.0 = Debug|x64
		{F0A792CC-12FA-4903-B9D5-6FE01D11A3D8}.Debug|x86.ActiveCfg = Debug|Win32
		{F0A792CC-12FA-4903-B9D5-6FE01D11A3D8}.Debug|x86.Build.0 = Debug|Win32
		{F0A792CC-12FA-4903-B9D5-6FE01D11A3D8}.Release|x64.ActiveCfg = Release|x64
		{F0A792CC-12FA-4903-B9D5-6FE01D11A3D8}.Release|x64.Build.0 = Release|x64
		{F0A792CC-12FA-4903-B9D5-6FE01D11A3D8}.Release|x86.ActiveCfg = Release|Win32
		{F0A792CC-12FA-4903-B9D5-6FE01D11A3D8}.Release|x86.Build.0 = Release|Win32
		{2A4624F3-509E-4AF9-BB10-63CCB0FA5A67}.Debug|x64.ActiveCfg = Debug|x64
		{2A4624F3-509E-4AF9-BB10-63CCB0FA5A67}.Debug|x64.Build.0 = Debug|x64
		{2A4624F3-509E-4AF9-BB10-63CCB0FA5A67}.Debug|x86.ActiveCfg = Debug|Win32
		{2A4624F3-509E-4AF9-BB10-63CCB0FA5A67}.Debug|x86.Build.0 = Debug|Win32
		{2A4624F3-509E-4AF9-BB10-63CCB0FA5A67}.Release|x64.ActiveCfg = Release|x64
		{2A4624F3-509E-4AF9-BB10-63CCB0FA5A67}.Release|x64.Build.0 = Release|x64
		{2A4624F3-509E-4AF9-BB10-63CCB0FA5A67}.Release|x86.ActiveCfg = Release|Win32
		{2A4624F3-509E-4AF9-BB10-63CCB0FA5A67}.Release|x86.Build.0 = Release|Win32
		{DE6451B3-9280-4DB9-909D-5B1C5B53262E}.Debug|x64.ActiveCfg = Debug|x64
		{DE6451B3-9280-4DB9-909D-5B1C5B53262E}.Debug|x64.Build.0 = Debug|x64
		{DE6451B3-9280-4DB9-909D-5B1C5B53262E}.Debug|x86.ActiveCfg = Debug|Win32
		{DE6451B3-9280-4DB9-909D-5B1C5B53262E}.Debug|x86.Build.0 = Debug|Win32
		{DE6451B3-9280-4DB9-909D-5B1C5B53262E}.Release|x64.ActiveCfg = Release|x64
		{DE6451B3-9280-4DB9-909D-5B1C5B53262E}.Release|x64.Build.0 = Release|x64
		{DE6451B3-9280-4DB9-909D-5B1C5B53262E}.Release|x86.ActiveCfg = Release|Win32
		{DE6451B3-9280-4DB9-909D-5B1C5B53262E}.Release|x86.Build.0 = Release|Win32
	EndGlobalSection
	GlobalSection(SolutionProperties) = preSolution
		HideSolutionNode = FALSE
	EndGlobalSection
	GlobalSection(ExtensibilityGlobals) = postSolution
		SolutionGuid = {77F5BD87-318B-4C9E-B9CB-2116850369AD}
	EndGlobalSection
EndGlobal
