
Microsoft Visual Studio Solution File, Format Version 12.00
# Visual Studio Version 16
VisualStudioVersion = 16.0.32002.261
MinimumVisualStudioVersion = 10.0.40219.1
Project("{8BC9CEB8-8B4A-11D0-8D11-00A0C91BC942}") = "Test_1", "Test_1\Test_1.vcxproj", "{D5C2AF15-A8DC-46EF-B4F0-F1377CCD634C}"
EndProject
Project("{8BC9CEB8-8B4A-11D0-8D11-00A0C91BC942}") = "Test_2", "Test_2\Test_2.vcxproj", "{A715450A-6FFA-4321-B2BF-8E2ACDD3C82C}"
EndProject
Project("{8BC9CEB8-8B4A-11D0-8D11-00A0C91BC942}") = "Test_3", "Test_3\Test_3.vcxproj", "{E2E4D755-B7C6-4A53-978E-928AE7DD4AB0}"
EndProject
Project("{8BC9CEB8-8B4A-11D0-8D11-00A0C91BC942}") = "Test_4", "Test_4\Test_4.vcxproj", "{FF498DFB-0709-48E8-9717-3F19E2E318F6}"
EndProject
Project("{8BC9CEB8-8B4A-11D0-8D11-00A0C91BC942}") = "Test_5", "Test_5\Test_5.vcxproj", "{2EDD9481-97C5-46C4-BFFC-BF81BC6F79F7}"
EndProject
Project("{8BC9CEB8-8B4A-11D0-8D11-00A0C91BC942}") = "Test_6", "Test_6\Test_6.vcxproj", "{0EF7526D-E899-413C-8E43-8A2219465311}"
EndProject
Project("{8BC9CEB8-8B4A-11D0-8D11-00A0C91BC942}") = "Test_7", "Test_7\Test_7.vcxproj", "{7AB80189-F756-4755-85D3-BE0735372CCC}"
EndProject
Project("{8BC9CEB8-8B4A-11D0-8D11-00A0C91BC942}") = "Test_8", "Test_8\Test_8.vcxproj", "{1E19D6DC-E122-4785-84A6-8925FD9529B7}"
EndProject
Project("{8BC9CEB8-8B4A-11D0-8D11-00A0C91BC942}") = "Test_9", "Test_9\Test_9.vcxproj", "{762B17C6-6AEC-4A11-BAAA-43AC68B88D38}"
EndProject
Project("{8BC9CEB8-8B4A-11D0-8D11-00A0C91BC942}") = "Test_8-1", "Test_8-1\Test_8-1.vcxproj", "{B4F3CF3B-E489-49DC-AC4E-0C26A052F943}"
EndProject
Project("{8BC9CEB8-8B4A-11D0-8D11-00A0C91BC942}") = "Test_8-2", "Test_8-2\Test_8-2.vcxproj", "{E64E8959-A6F0-461B-A607-E11C9CCCBA11}"
EndProject
Global
	GlobalSection(SolutionConfigurationPlatforms) = preSolution
		Debug|x64 = Debug|x64
		Debug|x86 = Debug|x86
		Release|x64 = Release|x64
		Release|x86 = Release|x86
	EndGlobalSection
	GlobalSection(ProjectConfigurationPlatforms) = postSolution
		{D5C2AF15-A8DC-46EF-B4F0-F1377CCD634C}.Debug|x64.ActiveCfg = Debug|x64
		{D5C2AF15-A8DC-46EF-B4F0-F1377CCD634C}.Debug|x64.Build.0 = Debug|x64
		{D5C2AF15-A8DC-46EF-B4F0-F1377CCD634C}.Debug|x86.ActiveCfg = Debug|Win32
		{D5C2AF15-A8DC-46EF-B4F0-F1377CCD634C}.Debug|x86.Build.0 = Debug|Win32
		{D5C2AF15-A8DC-46EF-B4F0-F1377CCD634C}.Release|x64.ActiveCfg = Release|x64
		{D5C2AF15-A8DC-46EF-B4F0-F1377CCD634C}.Release|x64.Build.0 = Release|x64
		{D5C2AF15-A8DC-46EF-B4F0-F1377CCD634C}.Release|x86.ActiveCfg = Release|Win32
		{D5C2AF15-A8DC-46EF-B4F0-F1377CCD634C}.Release|x86.Build.0 = Release|Win32
		{A715450A-6FFA-4321-B2BF-8E2ACDD3C82C}.Debug|x64.ActiveCfg = Debug|x64
		{A715450A-6FFA-4321-B2BF-8E2ACDD3C82C}.Debug|x64.Build.0 = Debug|x64
		{A715450A-6FFA-4321-B2BF-8E2ACDD3C82C}.Debug|x86.ActiveCfg = Debug|Win32
		{A715450A-6FFA-4321-B2BF-8E2ACDD3C82C}.Debug|x86.Build.0 = Debug|Win32
		{A715450A-6FFA-4321-B2BF-8E2ACDD3C82C}.Release|x64.ActiveCfg = Release|x64
		{A715450A-6FFA-4321-B2BF-8E2ACDD3C82C}.Release|x64.Build.0 = Release|x64
		{A715450A-6FFA-4321-B2BF-8E2ACDD3C82C}.Release|x86.ActiveCfg = Release|Win32
		{A715450A-6FFA-4321-B2BF-8E2ACDD3C82C}.Release|x86.Build.0 = Release|Win32
		{E2E4D755-B7C6-4A53-978E-928AE7DD4AB0}.Debug|x64.ActiveCfg = Debug|x64
		{E2E4D755-B7C6-4A53-978E-928AE7DD4AB0}.Debug|x64.Build.0 = Debug|x64
		{E2E4D755-B7C6-4A53-978E-928AE7DD4AB0}.Debug|x86.ActiveCfg = Debug|Win32
		{E2E4D755-B7C6-4A53-978E-928AE7DD4AB0}.Debug|x86.Build.0 = Debug|Win32
		{E2E4D755-B7C6-4A53-978E-928AE7DD4AB0}.Release|x64.ActiveCfg = Release|x64
		{E2E4D755-B7C6-4A53-978E-928AE7DD4AB0}.Release|x64.Build.0 = Release|x64
		{E2E4D755-B7C6-4A53-978E-928AE7DD4AB0}.Release|x86.ActiveCfg = Release|Win32
		{E2E4D755-B7C6-4A53-978E-928AE7DD4AB0}.Release|x86.Build.0 = Release|Win32
		{FF498DFB-0709-48E8-9717-3F19E2E318F6}.Debug|x64.ActiveCfg = Debug|x64
		{FF498DFB-0709-48E8-9717-3F19E2E318F6}.Debug|x64.Build.0 = Debug|x64
		{FF498DFB-0709-48E8-9717-3F19E2E318F6}.Debug|x86.ActiveCfg = Debug|Win32
		{FF498DFB-0709-48E8-9717-3F19E2E318F6}.Debug|x86.Build.0 = Debug|Win32
		{FF498DFB-0709-48E8-9717-3F19E2E318F6}.Release|x64.ActiveCfg = Release|x64
		{FF498DFB-0709-48E8-9717-3F19E2E318F6}.Release|x64.Build.0 = Release|x64
		{FF498DFB-0709-48E8-9717-3F19E2E318F6}.Release|x86.ActiveCfg = Release|Win32
		{FF498DFB-0709-48E8-9717-3F19E2E318F6}.Release|x86.Build.0 = Release|Win32
		{2EDD9481-97C5-46C4-BFFC-BF81BC6F79F7}.Debug|x64.ActiveCfg = Debug|x64
		{2EDD9481-97C5-46C4-BFFC-BF81BC6F79F7}.Debug|x64.Build.0 = Debug|x64
		{2EDD9481-97C5-46C4-BFFC-BF81BC6F79F7}.Debug|x86.ActiveCfg = Debug|Win32
		{2EDD9481-97C5-46C4-BFFC-BF81BC6F79F7}.Debug|x86.Build.0 = Debug|Win32
		{2EDD9481-97C5-46C4-BFFC-BF81BC6F79F7}.Release|x64.ActiveCfg = Release|x64
		{2EDD9481-97C5-46C4-BFFC-BF81BC6F79F7}.Release|x64.Build.0 = Release|x64
		{2EDD9481-97C5-46C4-BFFC-BF81BC6F79F7}.Release|x86.ActiveCfg = Release|Win32
		{2EDD9481-97C5-46C4-BFFC-BF81BC6F79F7}.Release|x86.Build.0 = Release|Win32
		{0EF7526D-E899-413C-8E43-8A2219465311}.Debug|x64.ActiveCfg = Debug|x64
		{0EF7526D-E899-413C-8E43-8A2219465311}.Debug|x64.Build.0 = Debug|x64
		{0EF7526D-E899-413C-8E43-8A2219465311}.Debug|x86.ActiveCfg = Debug|Win32
		{0EF7526D-E899-413C-8E43-8A2219465311}.Debug|x86.Build.0 = Debug|Win32
		{0EF7526D-E899-413C-8E43-8A2219465311}.Release|x64.ActiveCfg = Release|x64
		{0EF7526D-E899-413C-8E43-8A2219465311}.Release|x64.Build.0 = Release|x64
		{0EF7526D-E899-413C-8E43-8A2219465311}.Release|x86.ActiveCfg = Release|Win32
		{0EF7526D-E899-413C-8E43-8A2219465311}.Release|x86.Build.0 = Release|Win32
		{7AB80189-F756-4755-85D3-BE0735372CCC}.Debug|x64.ActiveCfg = Debug|x64
		{7AB80189-F756-4755-85D3-BE0735372CCC}.Debug|x64.Build.0 = Debug|x64
		{7AB80189-F756-4755-85D3-BE0735372CCC}.Debug|x86.ActiveCfg = Debug|Win32
		{7AB80189-F756-4755-85D3-BE0735372CCC}.Debug|x86.Build.0 = Debug|Win32
		{7AB80189-F756-4755-85D3-BE0735372CCC}.Release|x64.ActiveCfg = Release|x64
		{7AB80189-F756-4755-85D3-BE0735372CCC}.Release|x64.Build.0 = Release|x64
		{7AB80189-F756-4755-85D3-BE0735372CCC}.Release|x86.ActiveCfg = Release|Win32
		{7AB80189-F756-4755-85D3-BE0735372CCC}.Release|x86.Build.0 = Release|Win32
		{1E19D6DC-E122-4785-84A6-8925FD9529B7}.Debug|x64.ActiveCfg = Debug|x64
		{1E19D6DC-E122-4785-84A6-8925FD9529B7}.Debug|x64.Build.0 = Debug|x64
		{1E19D6DC-E122-4785-84A6-8925FD9529B7}.Debug|x86.ActiveCfg = Debug|Win32
		{1E19D6DC-E122-4785-84A6-8925FD9529B7}.Debug|x86.Build.0 = Debug|Win32
		{1E19D6DC-E122-4785-84A6-8925FD9529B7}.Release|x64.ActiveCfg = Release|x64
		{1E19D6DC-E122-4785-84A6-8925FD9529B7}.Release|x64.Build.0 = Release|x64
		{1E19D6DC-E122-4785-84A6-8925FD9529B7}.Release|x86.ActiveCfg = Release|Win32
		{1E19D6DC-E122-4785-84A6-8925FD9529B7}.Release|x86.Build.0 = Release|Win32
		{762B17C6-6AEC-4A11-BAAA-43AC68B88D38}.Debug|x64.ActiveCfg = Debug|x64
		{762B17C6-6AEC-4A11-BAAA-43AC68B88D38}.Debug|x64.Build.0 = Debug|x64
		{762B17C6-6AEC-4A11-BAAA-43AC68B88D38}.Debug|x86.ActiveCfg = Debug|Win32
		{762B17C6-6AEC-4A11-BAAA-43AC68B88D38}.Debug|x86.Build.0 = Debug|Win32
		{762B17C6-6AEC-4A11-BAAA-43AC68B88D38}.Release|x64.ActiveCfg = Release|x64
		{762B17C6-6AEC-4A11-BAAA-43AC68B88D38}.Release|x64.Build.0 = Release|x64
		{762B17C6-6AEC-4A11-BAAA-43AC68B88D38}.Release|x86.ActiveCfg = Release|Win32
		{762B17C6-6AEC-4A11-BAAA-43AC68B88D38}.Release|x86.Build.0 = Release|Win32
		{B4F3CF3B-E489-49DC-AC4E-0C26A052F943}.Debug|x64.ActiveCfg = Debug|x64
		{B4F3CF3B-E489-49DC-AC4E-0C26A052F943}.Debug|x64.Build.0 = Debug|x64
		{B4F3CF3B-E489-49DC-AC4E-0C26A052F943}.Debug|x86.ActiveCfg = Debug|Win32
		{B4F3CF3B-E489-49DC-AC4E-0C26A052F943}.Debug|x86.Build.0 = Debug|Win32
		{B4F3CF3B-E489-49DC-AC4E-0C26A052F943}.Release|x64.ActiveCfg = Release|x64
		{B4F3CF3B-E489-49DC-AC4E-0C26A052F943}.Release|x64.Build.0 = Release|x64
		{B4F3CF3B-E489-49DC-AC4E-0C26A052F943}.Release|x86.ActiveCfg = Release|Win32
		{B4F3CF3B-E489-49DC-AC4E-0C26A052F943}.Release|x86.Build.0 = Release|Win32
		{E64E8959-A6F0-461B-A607-E11C9CCCBA11}.Debug|x64.ActiveCfg = Debug|x64
		{E64E8959-A6F0-461B-A607-E11C9CCCBA11}.Debug|x64.Build.0 = Debug|x64
		{E64E8959-A6F0-461B-A607-E11C9CCCBA11}.Debug|x86.ActiveCfg = Debug|Win32
		{E64E8959-A6F0-461B-A607-E11C9CCCBA11}.Debug|x86.Build.0 = Debug|Win32
		{E64E8959-A6F0-461B-A607-E11C9CCCBA11}.Release|x64.ActiveCfg = Release|x64
		{E64E8959-A6F0-461B-A607-E11C9CCCBA11}.Release|x64.Build.0 = Release|x64
		{E64E8959-A6F0-461B-A607-E11C9CCCBA11}.Release|x86.ActiveCfg = Release|Win32
		{E64E8959-A6F0-461B-A607-E11C9CCCBA11}.Release|x86.Build.0 = Release|Win32
	EndGlobalSection
	GlobalSection(SolutionProperties) = preSolution
		HideSolutionNode = FALSE
	EndGlobalSection
	GlobalSection(ExtensibilityGlobals) = postSolution
		SolutionGuid = {2794FE3F-C84C-49C9-9E0B-C0253B6BEF58}
	EndGlobalSection
EndGlobal
